
Microsoft Visual Studio Solution File, Format Version 12.00
# Visual Studio Version 16
VisualStudioVersion = 16.0.29911.98
MinimumVisualStudioVersion = 10.0.40219.1
Project("{9A19103F-16F7-4668-BE54-9A1E7A4F7556}") = "PortClosedEmailer.Core", "PortClosedEmailer.Core\PortClosedEmailer.Core.csproj", "{60E0F74B-716B-499E-8BB8-1DA1B489DA85}"
EndProject
Project("{9A19103F-16F7-4668-BE54-9A1E7A4F7556}") = "Tests", "Tests\Tests.csproj", "{BF61D8D9-B1EE-4B8C-A72A-608928BDA019}"
EndProject
Project("{9A19103F-16F7-4668-BE54-9A1E7A4F7556}") = "CommonLib", "CommonLib\CommonLib.csproj", "{4949412E-855D-4193-BB2D-FEC514BD98EF}"
EndProject
Project("{FAE04EC0-301F-11D3-BF4B-00C04F79EFBC}") = "WpfApp1", "WpfApp1\WpfApp1.csproj", "{BB1B3DDB-F5C4-4247-8166-1110D84AB10D}"
EndProject
Global
	GlobalSection(SolutionConfigurationPlatforms) = preSolution
		Debug|Any CPU = Debug|Any CPU
		Release|Any CPU = Release|Any CPU
	EndGlobalSection
	GlobalSection(ProjectConfigurationPlatforms) = postSolution
		{60E0F74B-716B-499E-8BB8-1DA1B489DA85}.Debug|Any CPU.ActiveCfg = Debug|Any CPU
		{60E0F74B-716B-499E-8BB8-1DA1B489DA85}.Debug|Any CPU.Build.0 = Debug|Any CPU
		{60E0F74B-716B-499E-8BB8-1DA1B489DA85}.Release|Any CPU.ActiveCfg = Release|Any CPU
		{60E0F74B-716B-499E-8BB8-1DA1B489DA85}.Release|Any CPU.Build.0 = Release|Any CPU
		{BF61D8D9-B1EE-4B8C-A72A-608928BDA019}.Debug|Any CPU.ActiveCfg = Debug|Any CPU
		{BF61D8D9-B1EE-4B8C-A72A-608928BDA019}.Debug|Any CPU.Build.0 = Debug|Any CPU
		{BF61D8D9-B1EE-4B8C-A72A-608928BDA019}.Release|Any CPU.ActiveCfg = Release|Any CPU
		{BF61D8D9-B1EE-4B8C-A72A-608928BDA019}.Release|Any CPU.Build.0 = Release|Any CPU
		{4949412E-855D-4193-BB2D-FEC514BD98EF}.Debug|Any CPU.ActiveCfg = Debug|Any CPU
		{4949412E-855D-4193-BB2D-FEC514BD98EF}.Debug|Any CPU.Build.0 = Debug|Any CPU
		{4949412E-855D-4193-BB2D-FEC514BD98EF}.Release|Any CPU.ActiveCfg = Release|Any CPU
		{4949412E-855D-4193-BB2D-FEC514BD98EF}.Release|Any CPU.Build.0 = Release|Any CPU
		{BB1B3DDB-F5C4-4247-8166-1110D84AB10D}.Debug|Any CPU.ActiveCfg = Debug|Any CPU
		{BB1B3DDB-F5C4-4247-8166-1110D84AB10D}.Debug|Any CPU.Build.0 = Debug|Any CPU
		{BB1B3DDB-F5C4-4247-8166-1110D84AB10D}.Release|Any CPU.ActiveCfg = Release|Any CPU
		{BB1B3DDB-F5C4-4247-8166-1110D84AB10D}.Release|Any CPU.Build.0 = Release|Any CPU
	EndGlobalSection
	GlobalSection(SolutionProperties) = preSolution
		HideSolutionNode = FALSE
	EndGlobalSection
	GlobalSection(ExtensibilityGlobals) = postSolution
		SolutionGuid = {D0619D9E-EF93-4730-823B-C4BC38B51DF3}
	EndGlobalSection
EndGlobal
